hash: e521f5b2a8e9db279520b55002a47f09058718993f7c5fb8f11256e60f766b5b
updated: 2018-04-27T20:14:07.099524567-04:00
imports:
- name: github.com/allegro/bigcache
  version: f31987a23e44c5121ef8c8b2f2ea2e8ffa37b068
  subpackages:
  - queue
- name: github.com/boltdb/bolt
  version: 2f1ce7a837dcb8da3ec595b1dac9d0632f0f99e8
- name: github.com/daviddengcn/go-colortext
  version: 17e75f6184bc9e727756cd0d82e0af58b1fc7191
- name: github.com/dimiro1/banner
  version: c2f858997d49ffd03f84818bef3c25c2fcc67e16
- name: github.com/GlenDC/go-external-ip
  version: 139229dcdddd5ad18f5c4912fcb905a4079e2a36
- name: github.com/gorilla/context
  version: 08b5f424b9271eedf6f9f0ce86cb9396ed337a42
- name: github.com/gorilla/mux
  version: 53c1911da2b537f792e7cafcb446b05ffe33b996
- name: github.com/gorilla/rpc
  version: 22c016f3df3febe0c1f6727598b6389507e03a18
  subpackages:
  - v2
- name: github.com/gorilla/websocket
  version: ea4d1f681babbce9545c9c5f3d5194a789c89f5b
- name: github.com/jinzhu/now
  version: d939ba741945c047cac69c329c5fb0d6b4a06520
- name: github.com/joho/godotenv
  version: a79fa1e548e2c689c241d10173efd51e5d689d5b
- name: github.com/kpango/glg
  version: fcb2a2966be7d6e3e94e72b1ab155a21c20b64c5
- name: github.com/Lobarr/lane
  version: 91f837124926cd8f9a3fc8e2bb11f909e3932c34
- name: github.com/mattn/anko
  version: d5441ca3f0c7e071a9ede864f9db2cc652690f42
  subpackages:
  - ast
  - builtins
  - builtins/encoding/json
  - builtins/errors
  - builtins/flag
  - builtins/fmt
  - builtins/github.com/daviddengcn/go-colortext
  - builtins/io
  - builtins/io/ioutil
  - builtins/math
  - builtins/math/big
  - builtins/math/rand
  - builtins/net
  - builtins/net/http
  - builtins/net/url
  - builtins/os
  - builtins/os/exec
  - builtins/os/signal
  - builtins/path
  - builtins/path/filepath
  - builtins/regexp
  - builtins/runtime
  - builtins/sort
  - builtins/strconv
  - builtins/strings
  - builtins/time
  - parser
  - vm
- name: github.com/satori/go.uuid
  version: f58768cc1a7a7e77a3bd49e98cdd21419399b6a3
- name: github.com/spf13/cobra
  version: a1f051bc3eba734da4772d60e2d677f47cf93ef4
- name: github.com/stretchr/testify
  version: 12b6f73e6084dad08a7c6e575284b177ecafbc71
  subpackages:
  - assert
- name: golang.org/x/sys
  version: cbbc999da32df943dac6cd71eb3ee39e1d7838b9
  subpackages:
  - unix
- name: gopkg.in/olahol/melody.v1
  version: d521390733761fe1db13de575c253afd5c743085
testImports:
- name: github.com/davecgh/go-spew
  version: ecdeabc65495df2dec95d7c4a4c3e021903035e5
  subpackages:
  - spew
- name: github.com/pmezard/go-difflib
  version: 792786c7400a136282c1664665ae0a8db921c6c2
  subpackages:
  - difflib
